
Microsoft Visual Studio Solution File, Format Version 12.00
# Visual Studio Version 16
VisualStudioVersion = 16.0.31727.386
MinimumVisualStudioVersion = 10.0.40219.1
Project("{D954291E-2A0B-460D-934E-DC6B0785DB48}") = "Glide.Core", "Glide.Core\Glide.Core.shproj", "{A0CDBD0E-3A41-42B7-9425-A838BC2C7383}"
EndProject
Project("{FAE04EC0-301F-11D3-BF4B-00C04F79EFBC}") = "Glide.Android", "Glide.Android\Glide.Android.csproj", "{869CE15D-8004-41B4-B1B9-02DE371ED1C8}"
EndProject
Project("{9A19103F-16F7-4668-BE54-9A1E7A4F7556}") = "Glide.DesktopGL", "Glide.DesktopGL\Glide.DesktopGL.csproj", "{D4441C96-CE66-42B4-BAE7-34A8AAC1ECEA}"
EndProject
Global
	GlobalSection(SharedMSBuildProjectFiles) = preSolution
		Glide.Core\Glide.Core.projitems*{869ce15d-8004-41b4-b1b9-02de371ed1c8}*SharedItemsImports = 4
		Glide.Core\Glide.Core.projitems*{a0cdbd0e-3a41-42b7-9425-a838bc2c7383}*SharedItemsImports = 13
		Glide.Core\Glide.Core.projitems*{d4441c96-ce66-42b4-bae7-34a8aac1ecea}*SharedItemsImports = 5
	EndGlobalSection
	GlobalSection(SolutionConfigurationPlatforms) = preSolution
		Debug|Any CPU = Debug|Any CPU
		Release|Any CPU = Release|Any CPU
	EndGlobalSection
	GlobalSection(ProjectConfigurationPlatforms) = postSolution
		{869CE15D-8004-41B4-B1B9-02DE371ED1C8}.Debug|Any CPU.ActiveCfg = Debug|Any CPU
		{869CE15D-8004-41B4-B1B9-02DE371ED1C8}.Debug|Any CPU.Build.0 = Debug|Any CPU
		{869CE15D-8004-41B4-B1B9-02DE371ED1C8}.Debug|Any CPU.Deploy.0 = Debug|Any CPU
		{869CE15D-8004-41B4-B1B9-02DE371ED1C8}.Release|Any CPU.ActiveCfg = Release|Any CPU
		{869CE15D-8004-41B4-B1B9-02DE371ED1C8}.Release|Any CPU.Build.0 = Release|Any CPU
		{869CE15D-8004-41B4-B1B9-02DE371ED1C8}.Release|Any CPU.Deploy.0 = Release|Any CPU
		{D4441C96-CE66-42B4-BAE7-34A8AAC1ECEA}.Debug|Any CPU.ActiveCfg = Debug|Any CPU
		{D4441C96-CE66-42B4-BAE7-34A8AAC1ECEA}.Debug|Any CPU.Build.0 = Debug|Any CPU
		{D4441C96-CE66-42B4-BAE7-34A8AAC1ECEA}.Release|Any CPU.ActiveCfg = Release|Any CPU
		{D4441C96-CE66-42B4-BAE7-34A8AAC1ECEA}.Release|Any CPU.Build.0 = Release|Any CPU
	EndGlobalSection
	GlobalSection(SolutionProperties) = preSolution
		HideSolutionNode = FALSE
	EndGlobalSection
	GlobalSection(ExtensibilityGlobals) = postSolution
		SolutionGuid = {405D13E0-82D5-44BA-BDCA-2C8CC8E6897D}
	EndGlobalSection
EndGlobal
